
Microsoft Visual Studio Solution File, Format Version 12.00
# Visual Studio Version 17
VisualStudioVersion = 17.5.002.0
MinimumVisualStudioVersion = 10.0.40219.1
Project("{9A19103F-16F7-4668-BE54-9A1E7A4F7556}") = "Valkyrie", "Valkyrie.csproj", "{4C436FBE-2380-4DA6-B31E-C81DED8D3AFC}"
EndProject
Global
	GlobalSection(SolutionConfigurationPlatforms) = preSolution
		Debug|Any CPU = Debug|Any CPU
		Release|Any CPU = Release|Any CPU
	EndGlobalSection
	GlobalSection(ProjectConfigurationPlatforms) = postSolution
		{4C436FBE-2380-4DA6-B31E-C81DED8D3AFC}.Debug|Any CPU.ActiveCfg = Debug|Any CPU
		{4C436FBE-2380-4DA6-B31E-C81DED8D3AFC}.Debug|Any CPU.Build.0 = Debug|Any CPU
		{4C436FBE-2380-4DA6-B31E-C81DED8D3AFC}.Release|Any CPU.ActiveCfg = Release|Any CPU
		{4C436FBE-2380-4DA6-B31E-C81DED8D3AFC}.Release|Any CPU.Build.0 = Release|Any CPU
	EndGlobalSection
	GlobalSection(SolutionProperties) = preSolution
		HideSolutionNode = FALSE
	EndGlobalSection
	GlobalSection(ExtensibilityGlobals) = postSolution
		SolutionGuid = {B1D8DA79-04C2-420E-B0EF-7A076CE2BC27}
	EndGlobalSection
EndGlobal
